
Microsoft Visual Studio Solution File, Format Version 12.00
# Visual Studio Version 17
VisualStudioVersion = 17.10.35027.167
MinimumVisualStudioVersion = 10.0.40219.1
Project("{FAE04EC0-301F-11D3-BF4B-00C04F79EFBC}") = "WebApplication3", "WebApplication3\WebApplication3.csproj", "{076AFD05-058A-44CB-AEEE-B24C9F9F1080}"
EndProject
Global
	GlobalSection(SolutionConfigurationPlatforms) = preSolution
		Debug|Any CPU = Debug|Any CPU
		Release|Any CPU = Release|Any CPU
	EndGlobalSection
	GlobalSection(ProjectConfigurationPlatforms) = postSolution
		{076AFD05-058A-44CB-AEEE-B24C9F9F1080}.Debug|Any CPU.ActiveCfg = Debug|Any CPU
		{076AFD05-058A-44CB-AEEE-B24C9F9F1080}.Debug|Any CPU.Build.0 = Debug|Any CPU
		{076AFD05-058A-44CB-AEEE-B24C9F9F1080}.Release|Any CPU.ActiveCfg = Release|Any CPU
		{076AFD05-058A-44CB-AEEE-B24C9F9F1080}.Release|Any CPU.Build.0 = Release|Any CPU
	EndGlobalSection
	GlobalSection(SolutionProperties) = preSolution
		HideSolutionNode = FALSE
	EndGlobalSection
	GlobalSection(ExtensibilityGlobals) = postSolution
		SolutionGuid = {BC7E3866-BC2C-4A55-9DF8-5C6AD5CED55C}
	EndGlobalSection
EndGlobal
